
Microsoft Visual Studio Solution File, Format Version 12.00
# Visual Studio Version 17
VisualStudioVersion = 17.6.33717.318
MinimumVisualStudioVersion = 10.0.40219.1
Project("{8BC9CEB8-8B4A-11D0-8D11-00A0C91BC942}") = "HuaweiBatteryControl", "HuaweiBatteryControl\HuaweiBatteryControl.vcxproj", "{FB1EA42B-6FB5-4A76-920E-5118226788E5}"
EndProject
Global
	GlobalSection(SolutionConfigurationPlatforms) = preSolution
		Debug|ARM64 = Debug|ARM64
		Debug|x64 = Debug|x64
		Release|ARM64 = Release|ARM64
		Release|x64 = Release|x64
	EndGlobalSection
	GlobalSection(ProjectConfigurationPlatforms) = postSolution
		{FB1EA42B-6FB5-4A76-920E-5118226788E5}.Debug|ARM64.ActiveCfg = Debug|ARM64
		{FB1EA42B-6FB5-4A76-920E-5118226788E5}.Debug|ARM64.Build.0 = Debug|ARM64
		{FB1EA42B-6FB5-4A76-920E-5118226788E5}.Debug|x64.ActiveCfg = Debug|x64
		{FB1EA42B-6FB5-4A76-920E-5118226788E5}.Debug|x64.Build.0 = Debug|x64
		{FB1EA42B-6FB5-4A76-920E-5118226788E5}.Release|ARM64.ActiveCfg = Release|ARM64
		{FB1EA42B-6FB5-4A76-920E-5118226788E5}.Release|ARM64.Build.0 = Release|ARM64
		{FB1EA42B-6FB5-4A76-920E-5118226788E5}.Release|x64.ActiveCfg = Release|x64
		{FB1EA42B-6FB5-4A76-920E-5118226788E5}.Release|x64.Build.0 = Release|x64
	EndGlobalSection
	GlobalSection(SolutionProperties) = preSolution
		HideSolutionNode = FALSE
	EndGlobalSection
	GlobalSection(ExtensibilityGlobals) = postSolution
		SolutionGuid = {08DACF1A-9904-44AC-A3BF-0243D8C10DCB}
	EndGlobalSection
EndGlobal
